// !$*UTF8*$!
{
	archiveVersion = 1;
	classes = {
	};
	objectVersion = 56;
	objects = {

/* Begin PBXBuildFile section */
		26D0CCAF296C6A4700AE17A4 /* Assignment_NotebookApp.swift in Sources */ = {isa = PBXBuildFile; fileRef = 26D0CCAE296C6A4700AE17A4 /* Assignment_NotebookApp.swift */; };
		26D0CCB1296C6A4700AE17A4 /* ContentView.swift in Sources */ = {isa = PBXBuildFile; fileRef = 26D0CCB0296C6A4700AE17A4 /* ContentView.swift */; };
		26D0CCB3296C6A4800AE17A4 /* Assets.xcassets in Resources */ = {isa = PBXBuildFile; fileRef = 26D0CCB2296C6A4800AE17A4 /* Assets.xcassets */; };
		26D0CCB6296C6A4800AE17A4 /* Preview Assets.xcassets in Resources */ = {isa = PBXBuildFile; fileRef = 26D0CCB5296C6A4800AE17A4 /* Preview Assets.xcassets */; };
		26D0CCC0296C6A4900AE17A4 /* Assignment_NotebookTests.swift in Sources */ = {isa = PBXBuildFile; fileRef = 26D0CCBF296C6A4900AE17A4 /* Assignment_NotebookTests.swift */; };
		26D0CCCA296C6A4900AE17A4 /* Assignment_NotebookUITests.swift in Sources */ = {isa = PBXBuildFile; fileRef = 26D0CCC9296C6A4900AE17A4 /* Assignment_NotebookUITests.swift */; };
		26D0CCCC296C6A4900AE17A4 /* Assignment_NotebookUITestsLaunchTests.swift in Sources */ = {isa = PBXBuildFile; fileRef = 26D0CCCB296C6A4900AE17A4 /* Assignment_NotebookUITestsLaunchTests.swift */; };
/* End PBXBuildFile section */

/* Begin PBXContainerItemProxy section */
		26D0CCBC296C6A4900AE17A4 /* PBXContainerItemProxy */ = {
			isa = PBXContainerItemProxy;
			containerPortal = 26D0CCA3296C6A4700AE17A4 /* Project object */;
			proxyType = 1;
			remoteGlobalIDString = 26D0CCAA296C6A4700AE17A4;
			remoteInfo = "Assignment Notebook";
		};
		26D0CCC6296C6A4900AE17A4 /* PBXContainerItemProxy */ = {
			isa = PBXContainerItemProxy;
			containerPortal = 26D0CCA3296C6A4700AE17A4 /* Project object */;
			proxyType = 1;
			remoteGlobalIDString = 26D0CCAA296C6A4700AE17A4;
			remoteInfo = "Assignment Notebook";
		};
/* End PBXContainerItemProxy section */

/* Begin PBXFileReference section */
		26D0CCAB296C6A4700AE17A4 /* Assignment Notebook.app */ = {isa = PBXFileReference; explicitFileType = wrapper.application; includeInIndex = 0; path = "Assignment Notebook.app"; sourceTree = BUILT_PRODUCTS_DIR; };
		26D0CCAE296C6A4700AE17A4 /* Assignment_NotebookApp.swift */ = {isa = PBXFileReference; lastKnownFileType = sourcecode.swift; path = Assignment_NotebookApp.swift; sourceTree = "<group>"; };
		26D0CCB0296C6A4700AE17A4 /* ContentView.swift */ = {isa = PBXFileReference; lastKnownFileType = sourcecode.swift; path = ContentView.swift; sourceTree = "<group>"; };
		26D0CCB2296C6A4800AE17A4 /* Assets.xcassets */ = {isa = PBXFileReference; lastKnownFileType = folder.assetcatalog; path = Assets.xcassets; sourceTree = "<group>"; };
		26D0CCB5296C6A4800AE17A4 /* Preview Assets.xcassets */ = {isa = PBXFileReference; lastKnownFileType = folder.assetcatalog; path = "Preview Assets.xcassets"; sourceTree = "<group>"; };
		26D0CCBB296C6A4900AE17A4 /* Assignment NotebookTests.xctest */ = {isa = PBXFileReference; explicitFileType = wrapper.cfbundle; includeInIndex = 0; path = "Assignment NotebookTests.xctest"; sourceTree = BUILT_PRODUCTS_DIR; };
		26D0CCBF296C6A4900AE17A4 /* Assignment_NotebookTests.swift */ = {isa = PBXFileReference; lastKnownFileType = sourcecode.swift; path = Assignment_NotebookTests.swift; sourceTree = "<group>"; };
		26D0CCC5296C6A4900AE17A4 /* Assignment NotebookUITests.xctest */ = {isa = PBXFileReference; explicitFileType = wrapper.cfbundle; includeInIndex = 0; path = "Assignment NotebookUITests.xctest"; sourceTree = BUILT_PRODUCTS_DIR; };
		26D0CCC9296C6A4900AE17A4 /* Assignment_NotebookUITests.swift */ = {isa = PBXFileReference; lastKnownFileType = sourcecode.swift; path = Assignment_NotebookUITests.swift; sourceTree = "<group>"; };
		26D0CCCB296C6A4900AE17A4 /* Assignment_NotebookUITestsLaunchTests.swift */ = {isa = PBXFileReference; lastKnownFileType = sourcecode.swift; path = Assignment_NotebookUITestsLaunchTests.swift; sourceTree = "<group>"; };
/* End PBXFileReference section */

/* Begin PBXFrameworksBuildPhase section */
		26D0CCA8296C6A4700AE17A4 /* Frameworks */ = {
			isa = PBXFrameworksBuildPhase;
			buildActionMask = 2147483647;
			files = (
			);
			runOnlyForDeploymentPostprocessing = 0;
		};
		26D0CCB8296C6A4900AE17A4 /* Frameworks */ = {
			isa = PBXFrameworksBuildPhase;
			buildActionMask = 2147483647;
			files = (
			);
			runOnlyForDeploymentPostprocessing = 0;
		};
		26D0CCC2296C6A4900AE17A4 /* Frameworks */ = {
			isa = PBXFrameworksBuildPhase;
			buildActionMask = 2147483647;
			files = (
			);
			runOnlyForDeploymentPostprocessing = 0;
		};
/* End PBXFrameworksBuildPhase section */

/* Begin PBXGroup section */
		26D0CCA2296C6A4700AE17A4 = {
			isa = PBXGroup;
			children = (
				26D0CCAD296C6A4700AE17A4 /* Assignment Notebook */,
				26D0CCBE296C6A4900AE17A4 /* Assignment NotebookTests */,
				26D0CCC8296C6A4900AE17A4 /* Assignment NotebookUITests */,
				26D0CCAC296C6A4700AE17A4 /* Products */,
			);
			sourceTree = "<group>";
		};
		26D0CCAC296C6A4700AE17A4 /* Products */ = {
			isa = PBXGroup;
			children = (
				26D0CCAB296C6A4700AE17A4 /* Assignment Notebook.app */,
				26D0CCBB296C6A4900AE17A4 /* Assignment NotebookTests.xctest */,
				26D0CCC5296C6A4900AE17A4 /* Assignment NotebookUITests.xctest */,
			);
			name = Products;
			sourceTree = "<group>";
		};
		26D0CCAD296C6A4700AE17A4 /* Assignment Notebook */ = {
			isa = PBXGroup;
			children = (
				26D0CCAE296C6A4700AE17A4 /* Assignment_NotebookApp.swift */,
				26D0CCB0296C6A4700AE17A4 /* ContentView.swift */,
				26D0CCB2296C6A4800AE17A4 /* Assets.xcassets */,
				26D0CCB4296C6A4800AE17A4 /* Preview Content */,
			);
			path = "Assignment Notebook";
			sourceTree = "<group>";
		};
		26D0CCB4296C6A4800AE17A4 /* Preview Content */ = {
			isa = PBXGroup;
			children = (
				26D0CCB5296C6A4800AE17A4 /* Preview Assets.xcassets */,
			);
			path = "Preview Content";
			sourceTree = "<group>";
		};
		26D0CCBE296C6A4900AE17A4 /* Assignment NotebookTests */ = {
			isa = PBXGroup;
			children = (
				26D0CCBF296C6A4900AE17A4 /* Assignment_NotebookTests.swift */,
			);
			path = "Assignment NotebookTests";
			sourceTree = "<group>";
		};
		26D0CCC8296C6A4900AE17A4 /* Assignment NotebookUITests */ = {
			isa = PBXGroup;
			children = (
				26D0CCC9296C6A4900AE17A4 /* Assignment_NotebookUITests.swift */,
				26D0CCCB296C6A4900AE17A4 /* Assignment_NotebookUITestsLaunchTests.swift */,
			);
			path = "Assignment NotebookUITests";
			sourceTree = "<group>";
		};
/* End PBXGroup section */

/* Begin PBXNativeTarget section */
		26D0CCAA296C6A4700AE17A4 /* Assignment Notebook */ = {
			isa = PBXNativeTarget;
			buildConfigurationList = 26D0CCCF296C6A4900AE17A4 /* Build configuration list for PBXNativeTarget "Assignment Notebook" */;
			buildPhases = (
				26D0CCA7296C6A4700AE17A4 /* Sources */,
				26D0CCA8296C6A4700AE17A4 /* Frameworks */,
				26D0CCA9296C6A4700AE17A4 /* Resources */,
			);
			buildRules = (
			);
			dependencies = (
			);
			name = "Assignment Notebook";
			productName = "Assignment Notebook";
			productReference = 26D0CCAB296C6A4700AE17A4 /* Assignment Notebook.app */;
			productType = "com.apple.product-type.application";
		};
		26D0CCBA296C6A4900AE17A4 /* Assignment NotebookTests */ = {
			isa = PBXNativeTarget;
			buildConfigurationList = 26D0CCD2296C6A4900AE17A4 /* Build configuration list for PBXNativeTarget "Assignment NotebookTests" */;
			buildPhases = (
				26D0CCB7296C6A4900AE17A4 /* Sources */,
				26D0CCB8296C6A4900AE17A4 /* Frameworks */,
				26D0CCB9296C6A4900AE17A4 /* Resources */,
			);
			buildRules = (
			);
			dependencies = (
				26D0CCBD296C6A4900AE17A4 /* PBXTargetDependency */,
			);
			name = "Assignment NotebookTests";
			productName = "Assignment NotebookTests";
			productReference = 26D0CCBB296C6A4900AE17A4 /* Assignment NotebookTests.xctest */;
			productType = "com.apple.product-type.bundle.unit-test";
		};
		26D0CCC4296C6A4900AE17A4 /* Assignment NotebookUITests */ = {
			isa = PBXNativeTarget;
			buildConfigurationList = 26D0CCD5296C6A4900AE17A4 /* Build configuration list for PBXNativeTarget "Assignment NotebookUITests" */;
			buildPhases = (
				26D0CCC1296C6A4900AE17A4 /* Sources */,
				26D0CCC2296C6A4900AE17A4 /* Frameworks */,
				26D0CCC3296C6A4900AE17A4 /* Resources */,
			);
			buildRules = (
			);
			dependencies = (
				26D0CCC7296C6A4900AE17A4 /* PBXTargetDependency */,
			);
			name = "Assignment NotebookUITests";
			productName = "Assignment NotebookUITests";
			productReference = 26D0CCC5296C6A4900AE17A4 /* Assignment NotebookUITests.xctest */;
			productType = "com.apple.product-type.bundle.ui-testing";
		};
/* End PBXNativeTarget section */

/* Begin PBXProject section */
		26D0CCA3296C6A4700AE17A4 /* Project object */ = {
			isa = PBXProject;
			attributes = {
				BuildIndependentTargetsInParallel = 1;
				LastSwiftUpdateCheck = 1410;
				LastUpgradeCheck = 1410;
				TargetAttributes = {
					26D0CCAA296C6A4700AE17A4 = {
						CreatedOnToolsVersion = 14.1;
					};
					26D0CCBA296C6A4900AE17A4 = {
						CreatedOnToolsVersion = 14.1;
						TestTargetID = 26D0CCAA296C6A4700AE17A4;
					};
					26D0CCC4296C6A4900AE17A4 = {
						CreatedOnToolsVersion = 14.1;
						TestTargetID = 26D0CCAA296C6A4700AE17A4;
					};
				};
			};
			buildConfigurationList = 26D0CCA6296C6A4700AE17A4 /* Build configuration list for PBXProject "Assignment Notebook" */;
			compatibilityVersion = "Xcode 14.0";
			developmentRegion = en;
			hasScannedForEncodings = 0;
			knownRegions = (
				en,
				Base,
			);
			mainGroup = 26D0CCA2296C6A4700AE17A4;
			productRefGroup = 26D0CCAC296C6A4700AE17A4 /* Products */;
			projectDirPath = "";
			projectRoot = "";
			targets = (
				26D0CCAA296C6A4700AE17A4 /* Assignment Notebook */,
				26D0CCBA296C6A4900AE17A4 /* Assignment NotebookTests */,
				26D0CCC4296C6A4900AE17A4 /* Assignment NotebookUITests */,
			);
		};
/* End PBXProject section */

/* Begin PBXResourcesBuildPhase section */
		26D0CCA9296C6A4700AE17A4 /* Resources */ = {
			isa = PBXResourcesBuildPhase;
			buildActionMask = 2147483647;
			files = (
				26D0CCB6296C6A4800AE17A4 /* Preview Assets.xcassets in Resources */,
				26D0CCB3296C6A4800AE17A4 /* Assets.xcassets in Resources */,
			);
			runOnlyForDeploymentPostprocessing = 0;
		};
		26D0CCB9296C6A4900AE17A4 /* Resources */ = {
			isa = PBXResourcesBuildPhase;
			buildActionMask = 2147483647;
			files = (
			);
			runOnlyForDeploymentPostprocessing = 0;
		};
		26D0CCC3296C6A4900AE17A4 /* Resources */ = {
			isa = PBXResourcesBuildPhase;
			buildActionMask = 2147483647;
			files = (
			);
			runOnlyForDeploymentPostprocessing = 0;
		};
/* End PBXResourcesBuildPhase section */

/* Begin PBXSourcesBuildPhase section */
		26D0CCA7296C6A4700AE17A4 /* Sources */ = {
			isa = PBXSourcesBuildPhase;
			buildActionMask = 2147483647;
			files = (
				26D0CCB1296C6A4700AE17A4 /* ContentView.swift in Sources */,
				26D0CCAF296C6A4700AE17A4 /* Assignment_NotebookApp.swift in Sources */,
			);
			runOnlyForDeploymentPostprocessing = 0;
		};
		26D0CCB7296C6A4900AE17A4 /* Sources */ = {
			isa = PBXSourcesBuildPhase;
			buildActionMask = 2147483647;
			files = (
				26D0CCC0296C6A4900AE17A4 /* Assignment_NotebookTests.swift in Sources */,
			);
			runOnlyForDeploymentPostprocessing = 0;
		};
		26D0CCC1296C6A4900AE17A4 /* Sources */ = {
			isa = PBXSourcesBuildPhase;
			buildActionMask = 2147483647;
			files = (
				26D0CCCC296C6A4900AE17A4 /* Assignment_NotebookUITestsLaunchTests.swift in Sources */,
				26D0CCCA296C6A4900AE17A4 /* Assignment_NotebookUITests.swift in Sources */,
			);
			runOnlyForDeploymentPostprocessing = 0;
		};
/* End PBXSourcesBuildPhase section */

/* Begin PBXTargetDependency section */
		26D0CCBD296C6A4900AE17A4 /* PBXTargetDependency */ = {
			isa = PBXTargetDependency;
			target = 26D0CCAA296C6A4700AE17A4 /* Assignment Notebook */;
			targetProxy = 26D0CCBC296C6A4900AE17A4 /* PBXContainerItemProxy */;
		};
		26D0CCC7296C6A4900AE17A4 /* PBXTargetDependency */ = {
			isa = PBXTargetDependency;
			target = 26D0CCAA296C6A4700AE17A4 /* Assignment Notebook */;
			targetProxy = 26D0CCC6296C6A4900AE17A4 /* PBXContainerItemProxy */;
		};
/* End PBXTargetDependency section */

/* Begin XCBuildConfiguration section */
		26D0CCCD296C6A4900AE17A4 /* Debug */ = {
			isa = XCBuildConfiguration;
			buildSettings = {
				ALWAYS_SEARCH_USER_PATHS = NO;
				CLANG_ANALYZER_NONNULL = YES;
				CLANG_ANALYZER_NUMBER_OBJECT_CONVERSION = YES_AGGRESSIVE;
				CLANG_CXX_LANGUAGE_STANDARD = "gnu++20";
				CLANG_ENABLE_MODULES = YES;
				CLANG_ENABLE_OBJC_ARC = YES;
				CLANG_ENABLE_OBJC_WEAK = YES;
				CLANG_WARN_BLOCK_CAPTURE_AUTORELEASING = YES;
				CLANG_WARN_BOOL_CONVERSION = YES;
				CLANG_WARN_COMMA = YES;
				CLANG_WARN_CONSTANT_CONVERSION = YES;
				CLANG_WARN_DEPRECATED_OBJC_IMPLEMENTATIONS = YES;
				CLANG_WARN_DIRECT_OBJC_ISA_USAGE = YES_ERROR;
				CLANG_WARN_DOCUMENTATION_COMMENTS = YES;
				CLANG_WARN_EMPTY_BODY = YES;
				CLANG_WARN_ENUM_CONVERSION = YES;
				CLANG_WARN_INFINITE_RECURSION = YES;
				CLANG_WARN_INT_CONVERSION = YES;
				CLANG_WARN_NON_LITERAL_NULL_CONVERSION = YES;
				CLANG_WARN_OBJC_IMPLICIT_RETAIN_SELF = YES;
				CLANG_WARN_OBJC_LITERAL_CONVERSION = YES;
				CLANG_WARN_OBJC_ROOT_CLASS = YES_ERROR;
				CLANG_WARN_QUOTED_INCLUDE_IN_FRAMEWORK_HEADER = YES;
				CLANG_WARN_RANGE_LOOP_ANALYSIS = YES;
				CLANG_WARN_STRICT_PROTOTYPES = YES;
				CLANG_WARN_SUSPICIOUS_MOVE = YES;
				CLANG_WARN_UNGUARDED_AVAILABILITY = YES_AGGRESSIVE;
				CLANG_WARN_UNREACHABLE_CODE = YES;
				CLANG_WARN__DUPLICATE_METHOD_MATCH = YES;
				COPY_PHASE_STRIP = NO;
				DEBUG_INFORMATION_FORMAT = dwarf;
				ENABLE_STRICT_OBJC_MSGSEND = YES;
				ENABLE_TESTABILITY = YES;
				GCC_C_LANGUAGE_STANDARD = gnu11;
				GCC_DYNAMIC_NO_PIC = NO;
				GCC_NO_COMMON_BLOCKS = YES;
				GCC_OPTIMIZATION_LEVEL = 0;
				GCC_PREPROCESSOR_DEFINITIONS = (
					"DEBUG=1",
					"$(inherited)",
				);
				GCC_WARN_64_TO_32_BIT_CONVERSION = YES;
				GCC_WARN_ABOUT_RETURN_TYPE = YES_ERROR;
				GCC_WARN_UNDECLARED_SELECTOR = YES;
				GCC_WARN_UNINITIALIZED_AUTOS = YES_AGGRESSIVE;
				GCC_WARN_UNUSED_FUNCTION = YES;
				GCC_WARN_UNUSED_VARIABLE = YES;
				IPHONEOS_DEPLOYMENT_TARGET = 16.1;
				MTL_ENABLE_DEBUG_INFO = INCLUDE_SOURCE;
				MTL_FAST_MATH = YES;
				ONLY_ACTIVE_ARCH = YES;
				SDKROOT = iphoneos;
				SWIFT_ACTIVE_COMPILATION_CONDITIONS = DEBUG;
				SWIFT_OPTIMIZATION_LEVEL = "-Onone";
			};
			name = Debug;
		};
		26D0CCCE296C6A4900AE17A4 /* Release */ = {
			isa = XCBuildConfiguration;
			buildSettings = {
				ALWAYS_SEARCH_USER_PATHS = NO;
				CLANG_ANALYZER_NONNULL = YES;
				CLANG_ANALYZER_NUMBER_OBJECT_CONVERSION = YES_AGGRESSIVE;
				CLANG_CXX_LANGUAGE_STANDARD = "gnu++20";
				CLANG_ENABLE_MODULES = YES;
				CLANG_ENABLE_OBJC_ARC = YES;
				CLANG_ENABLE_OBJC_WEAK = YES;
				CLANG_WARN_BLOCK_CAPTURE_AUTORELEASING = YES;
				CLANG_WARN_BOOL_CONVERSION = YES;
				CLANG_WARN_COMMA = YES;
				CLANG_WARN_CONSTANT_CONVERSION = YES;
				CLANG_WARN_DEPRECATED_OBJC_IMPLEMENTATIONS = YES;
				CLANG_WARN_DIRECT_OBJC_ISA_USAGE = YES_ERROR;
				CLANG_WARN_DOCUMENTATION_COMMENTS = YES;
				CLANG_WARN_EMPTY_BODY = YES;
				CLANG_WARN_ENUM_CONVERSION = YES;
				CLANG_WARN_INFINITE_RECURSION = YES;
				CLANG_WARN_INT_CONVERSION = YES;
				CLANG_WARN_NON_LITERAL_NULL_CONVERSION = YES;
				CLANG_WARN_OBJC_IMPLICIT_RETAIN_SELF = YES;
				CLANG_WARN_OBJC_LITERAL_CONVERSION = YES;
				CLANG_WARN_OBJC_ROOT_CLASS = YES_ERROR;
				CLANG_WARN_QUOTED_INCLUDE_IN_FRAMEWORK_HEADER = YES;
				CLANG_WARN_RANGE_LOOP_ANALYSIS = YES;
				CLANG_WARN_STRICT_PROTOTYPES = YES;
				CLANG_WARN_SUSPICIOUS_MOVE = YES;
				CLANG_WARN_UNGUARDED_AVAILABILITY = YES_AGGRESSIVE;
				CLANG_WARN_UNREACHABLE_CODE = YES;
				CLANG_WARN__DUPLICATE_METHOD_MATCH = YES;
				COPY_PHASE_STRIP = NO;
				DEBUG_INFORMATION_FORMAT = "dwarf-with-dsym";
				ENABLE_NS_ASSERTIONS = NO;
				ENABLE_STRICT_OBJC_MSGSEND = YES;
				GCC_C_LANGUAGE_STANDARD = gnu11;
				GCC_NO_COMMON_BLOCKS = YES;
				GCC_WARN_64_TO_32_BIT_CONVERSION = YES;
				GCC_WARN_ABOUT_RETURN_TYPE = YES_ERROR;
				GCC_WARN_UNDECLARED_SELECTOR = YES;
				GCC_WARN_UNINITIALIZED_AUTOS = YES_AGGRESSIVE;
				GCC_WARN_UNUSED_FUNCTION = YES;
				GCC_WARN_UNUSED_VARIABLE = YES;
				IPHONEOS_DEPLOYMENT_TARGET = 16.1;
				MTL_ENABLE_DEBUG_INFO = NO;
				MTL_FAST_MATH = YES;
				SDKROOT = iphoneos;
				SWIFT_COMPILATION_MODE = wholemodule;
				SWIFT_OPTIMIZATION_LEVEL = "-O";
				VALIDATE_PRODUCT = YES;
			};
			name = Release;
		};
		26D0CCD0296C6A4900AE17A4 /* Debug */ = {
			isa = XCBuildConfiguration;
			buildSettings = {
				ASSETCATALOG_COMPILER_APPICON_NAME = AppIcon;
				ASSETCATALOG_COMPILER_GLOBAL_ACCENT_COLOR_NAME = AccentColor;
				CODE_SIGN_STYLE = Automatic;
				CURRENT_PROJECT_VERSION = 1;
				DEVELOPMENT_ASSET_PATHS = "\"Assignment Notebook/Preview Content\"";
				ENABLE_PREVIEWS = YES;
				GENERATE_INFOPLIST_FILE = YES;
				INFOPLIST_KEY_UIApplicationSceneManifest_Generation = YES;
				INFOPLIST_KEY_UIApplicationSupportsIndirectInputEvents = YES;
				INFOPLIST_KEY_UILaunchScreen_Generation = YES;
				INFOPLIST_KEY_UISupportedInterfaceOrientations_iPad = "UIInterfaceOrientationPortrait UIInterfaceOrientationPortraitUpsideDown UIInterfaceOrientationLandscapeLeft UIInterfaceOrientationLandscapeRight";
				INFOPLIST_KEY_UISupportedInterfaceOrientations_iPhone = "UIInterfaceOrientationPortrait UIInterfaceOrientationLandscapeLeft UIInterfaceOrientationLandscapeRight";
				LD_RUNPATH_SEARCH_PATHS = (
					"$(inherited)",
					"@executable_path/Frameworks",
				);
				MARKETING_VERSION = 1.0;
				PRODUCT_BUNDLE_IDENTIFIER = "Cmark.Assignment-Notebook";
				PRODUCT_NAME = "$(TARGET_NAME)";
				SWIFT_EMIT_LOC_STRINGS = YES;
				SWIFT_VERSION = 5.0;
				TARGETED_DEVICE_FAMILY = "1,2";
			};
			name = Debug;
		};
		26D0CCD1296C6A4900AE17A4 /* Release */ = {
			isa = XCBuildConfiguration;
			buildSettings = {
				ASSETCATALOG_COMPILER_APPICON_NAME = AppIcon;
				ASSETCATALOG_COMPILER_GLOBAL_ACCENT_COLOR_NAME = AccentColor;
				CODE_SIGN_STYLE = Automatic;
				CURRENT_PROJECT_VERSION = 1;
				DEVELOPMENT_ASSET_PATHS = "\"Assignment Notebook/Preview Content\"";
				ENABLE_PREVIEWS = YES;
				GENERATE_INFOPLIST_FILE = YES;
				INFOPLIST_KEY_UIApplicationSceneManifest_Generation = YES;
				INFOPLIST_KEY_UIApplicationSupportsIndirectInputEvents = YES;
				INFOPLIST_KEY_UILaunchScreen_Generation = YES;
				INFOPLIST_KEY_UISupportedInterfaceOrientations_iPad = "UIInterfaceOrientationPortrait UIInterfaceOrientationPortraitUpsideDown UIInterfaceOrientationLandscapeLeft UIInterfaceOrientationLandscapeRight";
				INFOPLIST_KEY_UISupportedInterfaceOrientations_iPhone = "UIInterfaceOrientationPortrait UIInterfaceOrientationLandscapeLeft UIInterfaceOrientationLandscapeRight";
				LD_RUNPATH_SEARCH_PATHS = (
					"$(inherited)",
					"@executable_path/Frameworks",
				);
				MARKETING_VERSION = 1.0;
				PRODUCT_BUNDLE_IDENTIFIER = "Cmark.Assignment-Notebook";
				PRODUCT_NAME = "$(TARGET_NAME)";
				SWIFT_EMIT_LOC_STRINGS = YES;
				SWIFT_VERSION = 5.0;
				TARGETED_DEVICE_FAMILY = "1,2";
			};
			name = Release;
		};
		26D0CCD3296C6A4900AE17A4 /* Debug */ = {
			isa = XCBuildConfiguration;
			buildSettings = {
				ALWAYS_EMBED_SWIFT_STANDARD_LIBRARIES = YES;
				BUNDLE_LOADER = "$(TEST_HOST)";
				CODE_SIGN_STYLE = Automatic;
				CURRENT_PROJECT_VERSION = 1;
				GENERATE_INFOPLIST_FILE = YES;
				IPHONEOS_DEPLOYMENT_TARGET = 16.1;
				MARKETING_VERSION = 1.0;
				PRODUCT_BUNDLE_IDENTIFIER = "Cmark.Assignment-NotebookTests";
				PRODUCT_NAME = "$(TARGET_NAME)";
				SWIFT_EMIT_LOC_STRINGS = NO;
				SWIFT_VERSION = 5.0;
				TARGETED_DEVICE_FAMILY = "1,2";
				TEST_HOST = "$(BUILT_PRODUCTS_DIR)/Assignment Notebook.app/$(BUNDLE_EXECUTABLE_FOLDER_PATH)/Assignment Notebook";
			};
			name = Debug;
		};
		26D0CCD4296C6A4900AE17A4 /* Release */ = {
			isa = XCBuildConfiguration;
			buildSettings = {
				ALWAYS_EMBED_SWIFT_STANDARD_LIBRARIES = YES;
				BUNDLE_LOADER = "$(TEST_HOST)";
				CODE_SIGN_STYLE = Automatic;
				CURRENT_PROJECT_VERSION = 1;
				GENERATE_INFOPLIST_FILE = YES;
				IPHONEOS_DEPLOYMENT_TARGET = 16.1;
				MARKETING_VERSION = 1.0;
				PRODUCT_BUNDLE_IDENTIFIER = "Cmark.Assignment-NotebookTests";
				PRODUCT_NAME = "$(TARGET_NAME)";
				SWIFT_EMIT_LOC_STRINGS = NO;
				SWIFT_VERSION = 5.0;
				TARGETED_DEVICE_FAMILY = "1,2";
				TEST_HOST = "$(BUILT_PRODUCTS_DIR)/Assignment Notebook.app/$(BUNDLE_EXECUTABLE_FOLDER_PATH)/Assignment Notebook";
			};
			name = Release;
		};
		26D0CCD6296C6A4900AE17A4 /* Debug */ = {
			isa = XCBuildConfiguration;
			buildSettings = {
				ALWAYS_EMBED_SWIFT_STANDARD_LIBRARIES = YES;
				CODE_SIGN_STYLE = Automatic;
				CURRENT_PROJECT_VERSION = 1;
				GENERATE_INFOPLIST_FILE = YES;
				MARKETING_VERSION = 1.0;
				PRODUCT_BUNDLE_IDENTIFIER = "Cmark.Assignment-NotebookUITests";
				PRODUCT_NAME = "$(TARGET_NAME)";
				SWIFT_EMIT_LOC_STRINGS = NO;
				SWIFT_VERSION = 5.0;
				TARGETED_DEVICE_FAMILY = "1,2";
				TEST_TARGET_NAME = "Assignment Notebook";
			};
			name = Debug;
		};
		26D0CCD7296C6A4900AE17A4 /* Release */ = {
			isa = XCBuildConfiguration;
			buildSettings = {
				ALWAYS_EMBED_SWIFT_STANDARD_LIBRARIES = YES;
				CODE_SIGN_STYLE = Automatic;
				CURRENT_PROJECT_VERSION = 1;
				GENERATE_INFOPLIST_FILE = YES;
				MARKETING_VERSION = 1.0;
				PRODUCT_BUNDLE_IDENTIFIER = "Cmark.Assignment-NotebookUITests";
				PRODUCT_NAME = "$(TARGET_NAME)";
				SWIFT_EMIT_LOC_STRINGS = NO;
				SWIFT_VERSION = 5.0;
				TARGETED_DEVICE_FAMILY = "1,2";
				TEST_TARGET_NAME = "Assignment Notebook";
			};
			name = Release;
		};
/* End XCBuildConfiguration section */

/* Begin XCConfigurationList section */
		26D0CCA6296C6A4700AE17A4 /* Build configuration list for PBXProject "Assignment Notebook" */ = {
			isa = XCConfigurationList;
			buildConfigurations = (
				26D0CCCD296C6A4900AE17A4 /* Debug */,
				26D0CCCE296C6A4900AE17A4 /* Release */,
			);
			defaultConfigurationIsVisible = 0;
			defaultConfigurationName = Release;
		};
		26D0CCCF296C6A4900AE17A4 /* Build configuration list for PBXNativeTarget "Assignment Notebook" */ = {
			isa = XCConfigurationList;
			buildConfigurations = (
				26D0CCD0296C6A4900AE17A4 /* Debug */,
				26D0CCD1296C6A4900AE17A4 /* Release */,
			);
			defaultConfigurationIsVisible = 0;
			defaultConfigurationName = Release;
		};
		26D0CCD2296C6A4900AE17A4 /* Build configuration list for PBXNativeTarget "Assignment NotebookTests" */ = {
			isa = XCConfigurationList;
			buildConfigurations = (
				26D0CCD3296C6A4900AE17A4 /* Debug */,
				26D0CCD4296C6A4900AE17A4 /* Release */,
			);
			defaultConfigurationIsVisible = 0;
			defaultConfigurationName = Release;
		};
		26D0CCD5296C6A4900AE17A4 /* Build configuration list for PBXNativeTarget "Assignment NotebookUITests" */ = {
			isa = XCConfigurationList;
			buildConfigurations = (
				26D0CCD6296C6A4900AE17A4 /* Debug */,
				26D0CCD7296C6A4900AE17A4 /* Release */,
			);
			defaultConfigurationIsVisible = 0;
			defaultConfigurationName = Release;
		};
/* End XCConfigurationList section */
	};
	rootObject = 26D0CCA3296C6A4700AE17A4 /* Project object */;
}
